
Microsoft Visual Studio Solution File, Format Version 12.00
# Visual Studio Version 16
VisualStudioVersion = 16.0.30804.86
MinimumVisualStudioVersion = 10.0.40219.1
Project("{FAE04EC0-301F-11D3-BF4B-00C04F79EFBC}") = "SRP", "SRP\SRP.csproj", "{DE0BC5B1-960F-4433-9394-40D8C2906D3A}"
EndProject
Global
	GlobalSection(SolutionConfigurationPlatforms) = preSolution
		Debug|Any CPU = Debug|Any CPU
		Release|Any CPU = Release|Any CPU
	EndGlobalSection
	GlobalSection(ProjectConfigurationPlatforms) = postSolution
		{DE0BC5B1-960F-4433-9394-40D8C2906D3A}.Debug|Any CPU.ActiveCfg = Debug|Any CPU
		{DE0BC5B1-960F-4433-9394-40D8C2906D3A}.Debug|Any CPU.Build.0 = Debug|Any CPU
		{DE0BC5B1-960F-4433-9394-40D8C2906D3A}.Release|Any CPU.ActiveCfg = Release|Any CPU
		{DE0BC5B1-960F-4433-9394-40D8C2906D3A}.Release|Any CPU.Build.0 = Release|Any CPU
	EndGlobalSection
	GlobalSection(SolutionProperties) = preSolution
		HideSolutionNode = FALSE
	EndGlobalSection
	GlobalSection(ExtensibilityGlobals) = postSolution
		SolutionGuid = {B19A3564-A70D-4281-94BA-C1797C5497A2}
	EndGlobalSection
EndGlobal
