
Microsoft Visual Studio Solution File, Format Version 12.00
# Visual Studio Version 16
VisualStudioVersion = 16.0.30907.101
MinimumVisualStudioVersion = 10.0.40219.1
Project("{FAE04EC0-301F-11D3-BF4B-00C04F79EFBC}") = "SpecFlowTest", "SpecFlowTest\SpecFlowTest.csproj", "{EEFD1E6D-299C-41AF-BB8E-FDC7FE0FEDC9}"
EndProject
Global
	GlobalSection(SolutionConfigurationPlatforms) = preSolution
		Debug|Any CPU = Debug|Any CPU
		Release|Any CPU = Release|Any CPU
	EndGlobalSection
	GlobalSection(ProjectConfigurationPlatforms) = postSolution
		{EEFD1E6D-299C-41AF-BB8E-FDC7FE0FEDC9}.Debug|Any CPU.ActiveCfg = Debug|Any CPU
		{EEFD1E6D-299C-41AF-BB8E-FDC7FE0FEDC9}.Debug|Any CPU.Build.0 = Debug|Any CPU
		{EEFD1E6D-299C-41AF-BB8E-FDC7FE0FEDC9}.Release|Any CPU.ActiveCfg = Release|Any CPU
		{EEFD1E6D-299C-41AF-BB8E-FDC7FE0FEDC9}.Release|Any CPU.Build.0 = Release|Any CPU
	EndGlobalSection
	GlobalSection(SolutionProperties) = preSolution
		HideSolutionNode = FALSE
	EndGlobalSection
	GlobalSection(ExtensibilityGlobals) = postSolution
		SolutionGuid = {335A4092-79C9-4531-A444-9270EA195B94}
	EndGlobalSection
EndGlobal
